
Microsoft Visual Studio Solution File, Format Version 11.00
# Visual Studio 2010
Project("{2150E333-8FDC-42A3-9474-1A3956D46DE8}") = "Libs", "Libs", "{6F20649C-184D-4735-BAE1-783DAFD1067B}"
	ProjectSection(SolutionItems) = preProject
		Libs\nunit.framework.dll = Libs\nunit.framework.dll
		Libs\Rhino.Mocks.dll = Libs\Rhino.Mocks.dll
	EndProjectSection
EndProject
Project("{FAE04EC0-301F-11D3-BF4B-00C04F79EFBC}") = "WSMan.NET", "WSMan.NET\WSMan.NET.csproj", "{B649731C-C299-45AE-A0AC-9AFC2B8B0072}"
EndProject
Project("{FAE04EC0-301F-11D3-BF4B-00C04F79EFBC}") = "EnumerationDemo", "EnumerationDemo\EnumerationDemo.csproj", "{2BC90CCF-258F-44C9-B9DE-A10649B2C7DD}"
EndProject
Project("{FAE04EC0-301F-11D3-BF4B-00C04F79EFBC}") = "ManagementDemo", "ManagementDemo\ManagementDemo.csproj", "{AA7875C9-D29F-43E7-8B7F-F7846987C932}"
EndProject
Project("{FAE04EC0-301F-11D3-BF4B-00C04F79EFBC}") = "EventingDemo", "EventingDemo\EventingDemo.csproj", "{7DA9F930-6F62-4DE4-9275-64821933578D}"
EndProject
Project("{FAE04EC0-301F-11D3-BF4B-00C04F79EFBC}") = "Tests", "Tests\Tests.csproj", "{DB9D11BB-CA19-460F-920B-122BACE0F1EC}"
EndProject
Project("{FAE04EC0-301F-11D3-BF4B-00C04F79EFBC}") = "TransferDemo", "TransferDemo\TransferDemo.csproj", "{74DCC9B4-02B0-4971-9498-8D4A336A78CC}"
EndProject
Global
	GlobalSection(SolutionConfigurationPlatforms) = preSolution
		Debug|Any CPU = Debug|Any CPU
		Debug|Mixed Platforms = Debug|Mixed Platforms
		Debug|x86 = Debug|x86
		Release|Any CPU = Release|Any CPU
		Release|Mixed Platforms = Release|Mixed Platforms
		Release|x86 = Release|x86
	EndGlobalSection
	GlobalSection(ProjectConfigurationPlatforms) = postSolution
		{B649731C-C299-45AE-A0AC-9AFC2B8B0072}.Debug|Any CPU.ActiveCfg = Debug|Any CPU
		{B649731C-C299-45AE-A0AC-9AFC2B8B0072}.Debug|Any CPU.Build.0 = Debug|Any CPU
		{B649731C-C299-45AE-A0AC-9AFC2B8B0072}.Debug|Mixed Platforms.ActiveCfg = Debug|Any CPU
		{B649731C-C299-45AE-A0AC-9AFC2B8B0072}.Debug|Mixed Platforms.Build.0 = Debug|Any CPU
		{B649731C-C299-45AE-A0AC-9AFC2B8B0072}.Debug|x86.ActiveCfg = Debug|Any CPU
		{B649731C-C299-45AE-A0AC-9AFC2B8B0072}.Release|Any CPU.ActiveCfg = Release|Any CPU
		{B649731C-C299-45AE-A0AC-9AFC2B8B0072}.Release|Any CPU.Build.0 = Release|Any CPU
		{B649731C-C299-45AE-A0AC-9AFC2B8B0072}.Release|Mixed Platforms.ActiveCfg = Release|Any CPU
		{B649731C-C299-45AE-A0AC-9AFC2B8B0072}.Release|Mixed Platforms.Build.0 = Release|Any CPU
		{B649731C-C299-45AE-A0AC-9AFC2B8B0072}.Release|x86.ActiveCfg = Release|Any CPU
		{2BC90CCF-258F-44C9-B9DE-A10649B2C7DD}.Debug|Any CPU.ActiveCfg = Debug|Any CPU
		{2BC90CCF-258F-44C9-B9DE-A10649B2C7DD}.Debug|Any CPU.Build.0 = Debug|Any CPU
		{2BC90CCF-258F-44C9-B9DE-A10649B2C7DD}.Debug|Mixed Platforms.ActiveCfg = Debug|Any CPU
		{2BC90CCF-258F-44C9-B9DE-A10649B2C7DD}.Debug|Mixed Platforms.Build.0 = Debug|Any CPU
		{2BC90CCF-258F-44C9-B9DE-A10649B2C7DD}.Debug|x86.ActiveCfg = Debug|Any CPU
		{2BC90CCF-258F-44C9-B9DE-A10649B2C7DD}.Release|Any CPU.ActiveCfg = Release|Any CPU
		{2BC90CCF-258F-44C9-B9DE-A10649B2C7DD}.Release|Any CPU.Build.0 = Release|Any CPU
		{2BC90CCF-258F-44C9-B9DE-A10649B2C7DD}.Release|Mixed Platforms.ActiveCfg = Release|Any CPU
		{2BC90CCF-258F-44C9-B9DE-A10649B2C7DD}.Release|Mixed Platforms.Build.0 = Release|Any CPU
		{2BC90CCF-258F-44C9-B9DE-A10649B2C7DD}.Release|x86.ActiveCfg = Release|Any CPU
		{AA7875C9-D29F-43E7-8B7F-F7846987C932}.Debug|Any CPU.ActiveCfg = Debug|Any CPU
		{AA7875C9-D29F-43E7-8B7F-F7846987C932}.Debug|Any CPU.Build.0 = Debug|Any CPU
		{AA7875C9-D29F-43E7-8B7F-F7846987C932}.Debug|Mixed Platforms.ActiveCfg = Debug|Any CPU
		{AA7875C9-D29F-43E7-8B7F-F7846987C932}.Debug|Mixed Platforms.Build.0 = Debug|Any CPU
		{AA7875C9-D29F-43E7-8B7F-F7846987C932}.Debug|x86.ActiveCfg = Debug|Any CPU
		{AA7875C9-D29F-43E7-8B7F-F7846987C932}.Release|Any CPU.ActiveCfg = Release|Any CPU
		{AA7875C9-D29F-43E7-8B7F-F7846987C932}.Release|Any CPU.Build.0 = Release|Any CPU
		{AA7875C9-D29F-43E7-8B7F-F7846987C932}.Release|Mixed Platforms.ActiveCfg = Release|Any CPU
		{AA7875C9-D29F-43E7-8B7F-F7846987C932}.Release|Mixed Platforms.Build.0 = Release|Any CPU
		{AA7875C9-D29F-43E7-8B7F-F7846987C932}.Release|x86.ActiveCfg = Release|Any CPU
		{7DA9F930-6F62-4DE4-9275-64821933578D}.Debug|Any CPU.ActiveCfg = Debug|Any CPU
		{7DA9F930-6F62-4DE4-9275-64821933578D}.Debug|Any CPU.Build.0 = Debug|Any CPU
		{7DA9F930-6F62-4DE4-9275-64821933578D}.Debug|Mixed Platforms.ActiveCfg = Debug|Any CPU
		{7DA9F930-6F62-4DE4-9275-64821933578D}.Debug|Mixed Platforms.Build.0 = Debug|Any CPU
		{7DA9F930-6F62-4DE4-9275-64821933578D}.Debug|x86.ActiveCfg = Debug|Any CPU
		{7DA9F930-6F62-4DE4-9275-64821933578D}.Release|Any CPU.ActiveCfg = Release|Any CPU
		{7DA9F930-6F62-4DE4-9275-64821933578D}.Release|Any CPU.Build.0 = Release|Any CPU
		{7DA9F930-6F62-4DE4-9275-64821933578D}.Release|Mixed Platforms.ActiveCfg = Release|Any CPU
		{7DA9F930-6F62-4DE4-9275-64821933578D}.Release|Mixed Platforms.Build.0 = Release|Any CPU
		{7DA9F930-6F62-4DE4-9275-64821933578D}.Release|x86.ActiveCfg = Release|Any CPU
		{DB9D11BB-CA19-460F-920B-122BACE0F1EC}.Debug|Any CPU.ActiveCfg = Debug|Any CPU
		{DB9D11BB-CA19-460F-920B-122BACE0F1EC}.Debug|Any CPU.Build.0 = Debug|Any CPU
		{DB9D11BB-CA19-460F-920B-122BACE0F1EC}.Debug|Mixed Platforms.ActiveCfg = Debug|Any CPU
		{DB9D11BB-CA19-460F-920B-122BACE0F1EC}.Debug|Mixed Platforms.Build.0 = Debug|Any CPU
		{DB9D11BB-CA19-460F-920B-122BACE0F1EC}.Debug|x86.ActiveCfg = Debug|Any CPU
		{DB9D11BB-CA19-460F-920B-122BACE0F1EC}.Release|Any CPU.ActiveCfg = Release|Any CPU
		{DB9D11BB-CA19-460F-920B-122BACE0F1EC}.Release|Any CPU.Build.0 = Release|Any CPU
		{DB9D11BB-CA19-460F-920B-122BACE0F1EC}.Release|Mixed Platforms.ActiveCfg = Release|Any CPU
		{DB9D11BB-CA19-460F-920B-122BACE0F1EC}.Release|Mixed Platforms.Build.0 = Release|Any CPU
		{DB9D11BB-CA19-460F-920B-122BACE0F1EC}.Release|x86.ActiveCfg = Release|Any CPU
		{74DCC9B4-02B0-4971-9498-8D4A336A78CC}.Debug|Any CPU.ActiveCfg = Debug|x86
		{74DCC9B4-02B0-4971-9498-8D4A336A78CC}.Debug|Mixed Platforms.ActiveCfg = Debug|x86
		{74DCC9B4-02B0-4971-9498-8D4A336A78CC}.Debug|Mixed Platforms.Build.0 = Debug|x86
		{74DCC9B4-02B0-4971-9498-8D4A336A78CC}.Debug|x86.ActiveCfg = Debug|x86
		{74DCC9B4-02B0-4971-9498-8D4A336A78CC}.Debug|x86.Build.0 = Debug|x86
		{74DCC9B4-02B0-4971-9498-8D4A336A78CC}.Release|Any CPU.ActiveCfg = Release|x86
		{74DCC9B4-02B0-4971-9498-8D4A336A78CC}.Release|Mixed Platforms.ActiveCfg = Release|x86
		{74DCC9B4-02B0-4971-9498-8D4A336A78CC}.Release|Mixed Platforms.Build.0 = Release|x86
		{74DCC9B4-02B0-4971-9498-8D4A336A78CC}.Release|x86.ActiveCfg = Release|x86
		{74DCC9B4-02B0-4971-9498-8D4A336A78CC}.Release|x86.Build.0 = Release|x86
	EndGlobalSection
	GlobalSection(SolutionProperties) = preSolution
		HideSolutionNode = FALSE
	EndGlobalSection
EndGlobal
